<?xml version="1.0" encoding="utf-8"?>
<Project ToolsVersion="4.0" xmlns="http://schemas.microsoft.com/developer/msbuild/2003">
  <ItemGroup>
    <Filter Include="Header Files">
      <UniqueIdentifier>{93995380-89BD-4b04-88EB-625FBE52EBFB}</UniqueIdentifier>
      <Extensions>h;hh;hpp;hxx;h++;hm;inl;inc;ipp;xsd</Extensions>
    </Filter>
    <Filter Include="Tests">
      <UniqueIdentifier>{055cedf2-ba49-4e2f-b880-fbb15f0c6d7c}</UniqueIdentifier>
    </Filter>
    <Filter Include="Source Files">
      <UniqueIdentifier>{4FC737F1-C7A5-4376-A066-2A32D752A2FF}</UniqueIdentifier>
      <Extensions>cpp;c;cc;cxx;c++;cppm;ixx;def;odl;idl;hpj;bat;asm;asmx</Extensions>
    </Filter>
    <Filter Include="Header Files\OpcodeImplementation">
      <UniqueIdentifier>{a5b0b1de-899c-4031-b192-e99e5a1907cc}</UniqueIdentifier>
    </Filter>
  </ItemGroup>
  <ItemGroup>
    <ClCompile Include="Main.cpp">
      <Filter>Source Files</Filter>
    </ClCompile>
    <ClCompile Include="Dispatcher.cpp">
      <Filter>Header Files</Filter>
    </ClCompile>
    <ClCompile Include="StackManager.cpp">
      <Filter>Header Files</Filter>
    </ClCompile>
    <ClCompile Include="ByteStream.cpp">
      <Filter>Header Files</Filter>
    </ClCompile>
    <ClCompile Include="Registers.cpp">
      <Filter>Header Files</Filter>
    </ClCompile>
    <ClCompile Include="BitwiseOperations.cpp">
      <Filter>Header Files\OpcodeImplementation</Filter>
    </ClCompile>
  </ItemGroup>
  <ItemGroup>
    <ClInclude Include="Mnemonics.h">
      <Filter>Header Files</Filter>
    </ClInclude>
    <ClInclude Include="Registers.h">
      <Filter>Header Files</Filter>
    </ClInclude>
    <ClInclude Include="Tests.h">
      <Filter>Tests</Filter>
    </ClInclude>
    <ClInclude Include="Dispatcher.h">
      <Filter>Header Files</Filter>
    </ClInclude>
    <ClInclude Include="StackManager.h">
      <Filter>Header Files</Filter>
    </ClInclude>
    <ClInclude Include="ByteStream.h">
      <Filter>Header Files</Filter>
    </ClInclude>
    <ClInclude Include="BitwiseOperations.h">
      <Filter>Header Files\OpcodeImplementation</Filter>
    </ClInclude>
  </ItemGroup>
</Project>